{
  "originHash" : "299f22aeea02fdaf42b2817a69ede7e7ce15782ea8eb87a4b708863062c12dbe",
  "pins" : [
    {
      "identity" : "screchkit",
      "kind" : "remoteSourceControl",
      "location" : "https://github.com/TopScrech/ScrechKit",
      "state" : {
        "revision" : "b042653a85530e387eb5036a49983918d6511276",
        "version" : "1.0.4"
      }
    }
  ],
  "version" : 3
}
